// !$*UTF8*$!
{
	archiveVersion = 1;
	classes = {
	};
	objectVersion = 46;
	objects = {

/* Begin PBXBuildFile section */
		91D8DC2F1D517BCC006A13BC /* AppDelegate.swift in Sources */ = {isa = PBXBuildFile; fileRef = 91D8DC2E1D517BCC006A13BC /* AppDelegate.swift */; };
		91D8DC311D517BCC006A13BC /* ViewController.swift in Sources */ = {isa = PBXBuildFile; fileRef = 91D8DC301D517BCC006A13BC /* ViewController.swift */; };
		91D8DC341D517BCC006A13BC /* Main.storyboard in Resources */ = {isa = PBXBuildFile; fileRef = 91D8DC321D517BCC006A13BC /* Main.storyboard */; };
		91D8DC361D517BCD006A13BC /* Assets.xcassets in Resources */ = {isa = PBXBuildFile; fileRef = 91D8DC351D517BCD006A13BC /* Assets.xcassets */; };
		91D8DC391D517BCD006A13BC /* LaunchScreen.storyboard in Resources */ = {isa = PBXBuildFile; fileRef = 91D8DC371D517BCD006A13BC /* LaunchScreen.storyboard */; };
		91D8DC441D517BCD006A13BC /* SimpleTableUITests.swift in Sources */ = {isa = PBXBuildFile; fileRef = 91D8DC431D517BCD006A13BC /* SimpleTableUITests.swift */; };
		91D8DC4F1D519C0E006A13BC /* LZTableViewCell.swift in Sources */ = {isa = PBXBuildFile; fileRef = 91D8DC4E1D519C0E006A13BC /* LZTableViewCell.swift */; };
/* End PBXBuildFile section */

/* Begin PBXContainerItemProxy section */
		91D8DC401D517BCD006A13BC /* PBXContainerItemProxy */ = {
			isa = PBXContainerItemProxy;
			containerPortal = 91D8DC231D517BCC006A13BC /* Project object */;
			proxyType = 1;
			remoteGlobalIDString = 91D8DC2A1D517BCC006A13BC;
			remoteInfo = SimpleTable;
		};
/* End PBXContainerItemProxy section */

/* Begin PBXFileReference section */
		91D8DC2B1D517BCC006A13BC /* SimpleTable.app */ = {isa = PBXFileReference; explicitFileType = wrapper.application; includeInIndex = 0; path = SimpleTable.app; sourceTree = BUILT_PRODUCTS_DIR; };
		91D8DC2E1D517BCC006A13BC /* AppDelegate.swift */ = {isa = PBXFileReference; lastKnownFileType = sourcecode.swift; path = AppDelegate.swift; sourceTree = "<group>"; };
		91D8DC301D517BCC006A13BC /* ViewController.swift */ = {isa = PBXFileReference; lastKnownFileType = sourcecode.swift; path = ViewController.swift; sourceTree = "<group>"; };
		91D8DC331D517BCC006A13BC /* Base */ = {isa = PBXFileReference; lastKnownFileType = file.storyboard; name = Base; path = Base.lproj/Main.storyboard; sourceTree = "<group>"; };
		91D8DC351D517BCD006A13BC /* Assets.xcassets */ = {isa = PBXFileReference; lastKnownFileType = folder.assetcatalog; path = Assets.xcassets; sourceTree = "<group>"; };
		91D8DC381D517BCD006A13BC /* Base */ = {isa = PBXFileReference; lastKnownFileType = file.storyboard; name = Base; path = Base.lproj/LaunchScreen.storyboard; sourceTree = "<group>"; };
		91D8DC3A1D517BCD006A13BC /* Info.plist */ = {isa = PBXFileReference; lastKnownFileType = text.plist.xml; path = Info.plist; sourceTree = "<group>"; };
		91D8DC3F1D517BCD006A13BC /* SimpleTableUITests.xctest */ = {isa = PBXFileReference; explicitFileType = wrapper.cfbundle; includeInIndex = 0; path = SimpleTableUITests.xctest; sourceTree = BUILT_PRODUCTS_DIR; };
		91D8DC431D517BCD006A13BC /* SimpleTableUITests.swift */ = {isa = PBXFileReference; lastKnownFileType = sourcecode.swift; path = SimpleTableUITests.swift; sourceTree = "<group>"; };
		91D8DC451D517BCD006A13BC /* Info.plist */ = {isa = PBXFileReference; lastKnownFileType = text.plist.xml; path = Info.plist; sourceTree = "<group>"; };
		91D8DC4E1D519C0E006A13BC /* LZTableViewCell.swift */ = {isa = PBXFileReference; fileEncoding = 4; lastKnownFileType = sourcecode.swift; path = LZTableViewCell.swift; sourceTree = "<group>"; };
/* End PBXFileReference section */

/* Begin PBXFrameworksBuildPhase section */
		91D8DC281D517BCC006A13BC /* Frameworks */ = {
			isa = PBXFrameworksBuildPhase;
			buildActionMask = 2147483647;
			files = (
			);
			runOnlyForDeploymentPostprocessing = 0;
		};
		91D8DC3C1D517BCD006A13BC /* Frameworks */ = {
			isa = PBXFrameworksBuildPhase;
			buildActionMask = 2147483647;
			files = (
			);
			runOnlyForDeploymentPostprocessing = 0;
		};
/* End PBXFrameworksBuildPhase section */

/* Begin PBXGroup section */
		91D8DC221D517BCC006A13BC = {
			isa = PBXGroup;
			children = (
				91D8DC2D1D517BCC006A13BC /* SimpleTable */,
				91D8DC421D517BCD006A13BC /* SimpleTableUITests */,
				91D8DC2C1D517BCC006A13BC /* Products */,
			);
			sourceTree = "<group>";
		};
		91D8DC2C1D517BCC006A13BC /* Products */ = {
			isa = PBXGroup;
			children = (
				91D8DC2B1D517BCC006A13BC /* SimpleTable.app */,
				91D8DC3F1D517BCD006A13BC /* SimpleTableUITests.xctest */,
			);
			name = Products;
			sourceTree = "<group>";
		};
		91D8DC2D1D517BCC006A13BC /* SimpleTable */ = {
			isa = PBXGroup;
			children = (
				91D8DC2E1D517BCC006A13BC /* AppDelegate.swift */,
				91D8DC301D517BCC006A13BC /* ViewController.swift */,
				91D8DC4E1D519C0E006A13BC /* LZTableViewCell.swift */,
				91D8DC321D517BCC006A13BC /* Main.storyboard */,
				91D8DC351D517BCD006A13BC /* Assets.xcassets */,
				91D8DC371D517BCD006A13BC /* LaunchScreen.storyboard */,
				91D8DC3A1D517BCD006A13BC /* Info.plist */,
			);
			path = SimpleTable;
			sourceTree = "<group>";
		};
		91D8DC421D517BCD006A13BC /* SimpleTableUITests */ = {
			isa = PBXGroup;
			children = (
				91D8DC431D517BCD006A13BC /* SimpleTableUITests.swift */,
				91D8DC451D517BCD006A13BC /* Info.plist */,
			);
			path = SimpleTableUITests;
			sourceTree = "<group>";
		};
/* End PBXGroup section */

/* Begin PBXNativeTarget section */
		91D8DC2A1D517BCC006A13BC /* SimpleTable */ = {
			isa = PBXNativeTarget;
			buildConfigurationList = 91D8DC481D517BCD006A13BC /* Build configuration list for PBXNativeTarget "SimpleTable" */;
			buildPhases = (
				91D8DC271D517BCC006A13BC /* Sources */,
				91D8DC281D517BCC006A13BC /* Frameworks */,
				91D8DC291D517BCC006A13BC /* Resources */,
			);
			buildRules = (
			);
			dependencies = (
			);
			name = SimpleTable;
			productName = SimpleTable;
			productReference = 91D8DC2B1D517BCC006A13BC /* SimpleTable.app */;
			productType = "com.apple.product-type.application";
		};
		91D8DC3E1D517BCD006A13BC /* SimpleTableUITests */ = {
			isa = PBXNativeTarget;
			buildConfigurationList = 91D8DC4B1D517BCD006A13BC /* Build configuration list for PBXNativeTarget "SimpleTableUITests" */;
			buildPhases = (
				91D8DC3B1D517BCD006A13BC /* Sources */,
				91D8DC3C1D517BCD006A13BC /* Frameworks */,
				91D8DC3D1D517BCD006A13BC /* Resources */,
			);
			buildRules = (
			);
			dependencies = (
				91D8DC411D517BCD006A13BC /* PBXTargetDependency */,
			);
			name = SimpleTableUITests;
			productName = SimpleTableUITests;
			productReference = 91D8DC3F1D517BCD006A13BC /* SimpleTableUITests.xctest */;
			productType = "com.apple.product-type.bundle.ui-testing";
		};
/* End PBXNativeTarget section */

/* Begin PBXProject section */
		91D8DC231D517BCC006A13BC /* Project object */ = {
			isa = PBXProject;
			attributes = {
				LastSwiftUpdateCheck = 0730;
				LastUpgradeCheck = 0730;
				ORGANIZATIONNAME = Artup;
				TargetAttributes = {
					91D8DC2A1D517BCC006A13BC = {
						CreatedOnToolsVersion = 7.3;
						DevelopmentTeam = 29BN9F9KNE;
						LastSwiftMigration = 0800;
					};
					91D8DC3E1D517BCD006A13BC = {
						CreatedOnToolsVersion = 7.3;
						LastSwiftMigration = 0800;
						TestTargetID = 91D8DC2A1D517BCC006A13BC;
					};
				};
			};
			buildConfigurationList = 91D8DC261D517BCC006A13BC /* Build configuration list for PBXProject "SimpleTable" */;
			compatibilityVersion = "Xcode 3.2";
			developmentRegion = English;
			hasScannedForEncodings = 0;
			knownRegions = (
				en,
				Base,
			);
			mainGroup = 91D8DC221D517BCC006A13BC;
			productRefGroup = 91D8DC2C1D517BCC006A13BC /* Products */;
			projectDirPath = "";
			projectRoot = "";
			targets = (
				91D8DC2A1D517BCC006A13BC /* SimpleTable */,
				91D8DC3E1D517BCD006A13BC /* SimpleTableUITests */,
			);
		};
/* End PBXProject section */

/* Begin PBXResourcesBuildPhase section */
		91D8DC291D517BCC006A13BC /* Resources */ = {
			isa = PBXResourcesBuildPhase;
			buildActionMask = 2147483647;
			files = (
				91D8DC391D517BCD006A13BC /* LaunchScreen.storyboard in Resources */,
				91D8DC361D517BCD006A13BC /* Assets.xcassets in Resources */,
				91D8DC341D517BCC006A13BC /* Main.storyboard in Resources */,
			);
			runOnlyForDeploymentPostprocessing = 0;
		};
		91D8DC3D1D517BCD006A13BC /* Resources */ = {
			isa = PBXResourcesBuildPhase;
			buildActionMask = 2147483647;
			files = (
			);
			runOnlyForDeploymentPostprocessing = 0;
		};
/* End PBXResourcesBuildPhase section */

/* Begin PBXSourcesBuildPhase section */
		91D8DC271D517BCC006A13BC /* Sources */ = {
			isa = PBXSourcesBuildPhase;
			buildActionMask = 2147483647;
			files = (
				91D8DC311D517BCC006A13BC /* ViewController.swift in Sources */,
				91D8DC2F1D517BCC006A13BC /* AppDelegate.swift in Sources */,
				91D8DC4F1D519C0E006A13BC /* LZTableViewCell.swift in Sources */,
			);
			runOnlyForDeploymentPostprocessing = 0;
		};
		91D8DC3B1D517BCD006A13BC /* Sources */ = {
			isa = PBXSourcesBuildPhase;
			buildActionMask = 2147483647;
			files = (
				91D8DC441D517BCD006A13BC /* SimpleTableUITests.swift in Sources */,
			);
			runOnlyForDeploymentPostprocessing = 0;
		};
/* End PBXSourcesBuildPhase section */

/* Begin PBXTargetDependency section */
		91D8DC411D517BCD006A13BC /* PBXTargetDependency */ = {
			isa = PBXTargetDependency;
			target = 91D8DC2A1D517BCC006A13BC /* SimpleTable */;
			targetProxy = 91D8DC401D517BCD006A13BC /* PBXContainerItemProxy */;
		};
/* End PBXTargetDependency section */

/* Begin PBXVariantGroup section */
		91D8DC321D517BCC006A13BC /* Main.storyboard */ = {
			isa = PBXVariantGroup;
			children = (
				91D8DC331D517BCC006A13BC /* Base */,
			);
			name = Main.storyboard;
			sourceTree = "<group>";
		};
		91D8DC371D517BCD006A13BC /* LaunchScreen.storyboard */ = {
			isa = PBXVariantGroup;
			children = (
				91D8DC381D517BCD006A13BC /* Base */,
			);
			name = LaunchScreen.storyboard;
			sourceTree = "<group>";
		};
/* End PBXVariantGroup section */

/* Begin XCBuildConfiguration section */
		91D8DC461D517BCD006A13BC /* Debug */ = {
			isa = XCBuildConfiguration;
			buildSettings = {
				ALWAYS_SEARCH_USER_PATHS = NO;
				CLANG_ANALYZER_NONNULL = YES;
				CLANG_CXX_LANGUAGE_STANDARD = "gnu++0x";
				CLANG_CXX_LIBRARY = "libc++";
				CLANG_ENABLE_MODULES = YES;
				CLANG_ENABLE_OBJC_ARC = YES;
				CLANG_WARN_BOOL_CONVERSION = YES;
				CLANG_WARN_CONSTANT_CONVERSION = YES;
				CLANG_WARN_DIRECT_OBJC_ISA_USAGE = YES_ERROR;
				CLANG_WARN_EMPTY_BODY = YES;
				CLANG_WARN_ENUM_CONVERSION = YES;
				CLANG_WARN_INT_CONVERSION = YES;
				CLANG_WARN_OBJC_ROOT_CLASS = YES_ERROR;
				CLANG_WARN_UNREACHABLE_CODE = YES;
				CLANG_WARN__DUPLICATE_METHOD_MATCH = YES;
				"CODE_SIGN_IDENTITY[sdk=iphoneos*]" = "iPhone Developer";
				COPY_PHASE_STRIP = NO;
				DEBUG_INFORMATION_FORMAT = dwarf;
				ENABLE_STRICT_OBJC_MSGSEND = YES;
				ENABLE_TESTABILITY = YES;
				GCC_C_LANGUAGE_STANDARD = gnu99;
				GCC_DYNAMIC_NO_PIC = NO;
				GCC_NO_COMMON_BLOCKS = YES;
				GCC_OPTIMIZATION_LEVEL = 0;
				GCC_PREPROCESSOR_DEFINITIONS = (
					"DEBUG=1",
					"$(inherited)",
				);
				GCC_WARN_64_TO_32_BIT_CONVERSION = YES;
				GCC_WARN_ABOUT_RETURN_TYPE = YES_ERROR;
				GCC_WARN_UNDECLARED_SELECTOR = YES;
				GCC_WARN_UNINITIALIZED_AUTOS = YES_AGGRESSIVE;
				GCC_WARN_UNUSED_FUNCTION = YES;
				GCC_WARN_UNUSED_VARIABLE = YES;
				IPHONEOS_DEPLOYMENT_TARGET = 9.3;
				MTL_ENABLE_DEBUG_INFO = YES;
				ONLY_ACTIVE_ARCH = YES;
				SDKROOT = iphoneos;
				SWIFT_OPTIMIZATION_LEVEL = "-Onone";
				TARGETED_DEVICE_FAMILY = "1,2";
			};
			name = Debug;
		};
		91D8DC471D517BCD006A13BC /* Release */ = {
			isa = XCBuildConfiguration;
			buildSettings = {
				ALWAYS_SEARCH_USER_PATHS = NO;
				CLANG_ANALYZER_NONNULL = YES;
				CLANG_CXX_LANGUAGE_STANDARD = "gnu++0x";
				CLANG_CXX_LIBRARY = "libc++";
				CLANG_ENABLE_MODULES = YES;
				CLANG_ENABLE_OBJC_ARC = YES;
				CLANG_WARN_BOOL_CONVERSION = YES;
				CLANG_WARN_CONSTANT_CONVERSION = YES;
				CLANG_WARN_DIRECT_OBJC_ISA_USAGE = YES_ERROR;
				CLANG_WARN_EMPTY_BODY = YES;
				CLANG_WARN_ENUM_CONVERSION = YES;
				CLANG_WARN_INT_CONVERSION = YES;
				CLANG_WARN_OBJC_ROOT_CLASS = YES_ERROR;
				CLANG_WARN_UNREACHABLE_CODE = YES;
				CLANG_WARN__DUPLICATE_METHOD_MATCH = YES;
				"CODE_SIGN_IDENTITY[sdk=iphoneos*]" = "iPhone Developer";
				COPY_PHASE_STRIP = NO;
				DEBUG_INFORMATION_FORMAT = "dwarf-with-dsym";
				ENABLE_NS_ASSERTIONS = NO;
				ENABLE_STRICT_OBJC_MSGSEND = YES;
				GCC_C_LANGUAGE_STANDARD = gnu99;
				GCC_NO_COMMON_BLOCKS = YES;
				GCC_WARN_64_TO_32_BIT_CONVERSION = YES;
				GCC_WARN_ABOUT_RETURN_TYPE = YES_ERROR;
				GCC_WARN_UNDECLARED_SELECTOR = YES;
				GCC_WARN_UNINITIALIZED_AUTOS = YES_AGGRESSIVE;
				GCC_WARN_UNUSED_FUNCTION = YES;
				GCC_WARN_UNUSED_VARIABLE = YES;
				IPHONEOS_DEPLOYMENT_TARGET = 9.3;
				MTL_ENABLE_DEBUG_INFO = NO;
				SDKROOT = iphoneos;
				TARGETED_DEVICE_FAMILY = "1,2";
				VALIDATE_PRODUCT = YES;
			};
			name = Release;
		};
		91D8DC491D517BCD006A13BC /* Debug */ = {
			isa = XCBuildConfiguration;
			buildSettings = {
				ASSETCATALOG_COMPILER_APPICON_NAME = AppIcon;
				DEVELOPMENT_TEAM = 29BN9F9KNE;
				INFOPLIST_FILE = SimpleTable/Info.plist;
				IPHONEOS_DEPLOYMENT_TARGET = 10.0;
				LD_RUNPATH_SEARCH_PATHS = "$(inherited) @executable_path/Frameworks";
				PRODUCT_BUNDLE_IDENTIFIER = com.artup.SimpleTable;
				PRODUCT_NAME = "$(TARGET_NAME)";
				SWIFT_VERSION = 3.0;
			};
			name = Debug;
		};
		91D8DC4A1D517BCD006A13BC /* Release */ = {
			isa = XCBuildConfiguration;
			buildSettings = {
				ASSETCATALOG_COMPILER_APPICON_NAME = AppIcon;
				DEVELOPMENT_TEAM = 29BN9F9KNE;
				INFOPLIST_FILE = SimpleTable/Info.plist;
				IPHONEOS_DEPLOYMENT_TARGET = 10.0;
				LD_RUNPATH_SEARCH_PATHS = "$(inherited) @executable_path/Frameworks";
				PRODUCT_BUNDLE_IDENTIFIER = com.artup.SimpleTable;
				PRODUCT_NAME = "$(TARGET_NAME)";
				SWIFT_VERSION = 3.0;
			};
			name = Release;
		};
		91D8DC4C1D517BCD006A13BC /* Debug */ = {
			isa = XCBuildConfiguration;
			buildSettings = {
				INFOPLIST_FILE = SimpleTableUITests/Info.plist;
				LD_RUNPATH_SEARCH_PATHS = "$(inherited) @executable_path/Frameworks @loader_path/Frameworks";
				PRODUCT_BUNDLE_IDENTIFIER = com.artup.SimpleTableUITests;
				PRODUCT_NAME = "$(TARGET_NAME)";
				SWIFT_VERSION = 3.0;
				TEST_TARGET_NAME = SimpleTable;
			};
			name = Debug;
		};
		91D8DC4D1D517BCD006A13BC /* Release */ = {
			isa = XCBuildConfiguration;
			buildSettings = {
				INFOPLIST_FILE = SimpleTableUITests/Info.plist;
				LD_RUNPATH_SEARCH_PATHS = "$(inherited) @executable_path/Frameworks @loader_path/Frameworks";
				PRODUCT_BUNDLE_IDENTIFIER = com.artup.SimpleTableUITests;
				PRODUCT_NAME = "$(TARGET_NAME)";
				SWIFT_VERSION = 3.0;
				TEST_TARGET_NAME = SimpleTable;
			};
			name = Release;
		};
/* End XCBuildConfiguration section */

/* Begin XCConfigurationList section */
		91D8DC261D517BCC006A13BC /* Build configuration list for PBXProject "SimpleTable" */ = {
			isa = XCConfigurationList;
			buildConfigurations = (
				91D8DC461D517BCD006A13BC /* Debug */,
				91D8DC471D517BCD006A13BC /* Release */,
			);
			defaultConfigurationIsVisible = 0;
			defaultConfigurationName = Release;
		};
		91D8DC481D517BCD006A13BC /* Build configuration list for PBXNativeTarget "SimpleTable" */ = {
			isa = XCConfigurationList;
			buildConfigurations = (
				91D8DC491D517BCD006A13BC /* Debug */,
				91D8DC4A1D517BCD006A13BC /* Release */,
			);
			defaultConfigurationIsVisible = 0;
			defaultConfigurationName = Release;
		};
		91D8DC4B1D517BCD006A13BC /* Build configuration list for PBXNativeTarget "SimpleTableUITests" */ = {
			isa = XCConfigurationList;
			buildConfigurations = (
				91D8DC4C1D517BCD006A13BC /* Debug */,
				91D8DC4D1D517BCD006A13BC /* Release */,
			);
			defaultConfigurationIsVisible = 0;
			defaultConfigurationName = Release;
		};
/* End XCConfigurationList section */
	};
	rootObject = 91D8DC231D517BCC006A13BC /* Project object */;
}
